# Reproducible development snapshot for Python 3.13.
# Regenerated by: python scripts/update_dependency_lock.py
annotated-types==0.8.0
cfgv==3.5.0
colorama==0.4.6
coverage==7.16.0
distlib==0.4.3
filelock==3.32.5
identify==2.6.19
iniconfig==2.3.0
mypy==1.15.0
mypy_extensions==1.1.0
nodeenv==1.10.0
packaging==26.3
platformdirs==4.11.7
pluggy==1.6.0
pre_commit==4.6.2
pydantic==2.13.5
pydantic_core==2.46.5
Pygments==2.21.0
pytest-cov==6.3.0
pytest==8.4.2
python-discovery==1.6.0
PyYAML==6.0.3
ruff==0.11.13
types-PyYAML==6.0.12.20260906
typing-inspection==0.4.4
typing_extensions==4.16.0
virtualenv==21.7.8
wheel==0.48.0
